
Microsoft Visual Studio Solution File, Format Version 12.00
# Visual Studio Version 17
VisualStudioVersion = 17.7.34202.233
MinimumVisualStudioVersion = 10.0.40219.1
Project("{FAE04EC0-301F-11D3-BF4B-00C04F79EFBC}") = "46ModsLater", "46ModsLater\46ModsLater.csproj", "{CA342D29-D556-48FF-B26E-6EE2DB68510B}"
EndProject
Global
	GlobalSection(SolutionConfigurationPlatforms) = preSolution
		Debug|Any CPU = Debug|Any CPU
		Release|Any CPU = Release|Any CPU
	EndGlobalSection
	GlobalSection(ProjectConfigurationPlatforms) = postSolution
		{CA342D29-D556-48FF-B26E-6EE2DB68510B}.Debug|Any CPU.ActiveCfg = Debug|Any CPU
		{CA342D29-D556-48FF-B26E-6EE2DB68510B}.Debug|Any CPU.Build.0 = Debug|Any CPU
		{CA342D29-D556-48FF-B26E-6EE2DB68510B}.Release|Any CPU.ActiveCfg = Release|Any CPU
		{CA342D29-D556-48FF-B26E-6EE2DB68510B}.Release|Any CPU.Build.0 = Release|Any CPU
	EndGlobalSection
	GlobalSection(SolutionProperties) = preSolution
		HideSolutionNode = FALSE
	EndGlobalSection
	GlobalSection(ExtensibilityGlobals) = postSolution
		SolutionGuid = {B217EA7D-E9B7-4A2B-877E-BCBFF7C50601}
	EndGlobalSection
EndGlobal
